
Microsoft Visual Studio Solution File, Format Version 11.00
# Visual Studio 2010
Project("{FAE04EC0-301F-11D3-BF4B-00C04F79EFBC}") = "MongoDBPool", "MongoDBPool\MongoDBPool.csproj", "{9072B50C-C535-4FE9-9CBA-97A130BB1596}"
EndProject
Project("{FAE04EC0-301F-11D3-BF4B-00C04F79EFBC}") = "UnitTests", "UnitTests\UnitTests.csproj", "{B0321582-7DE2-4481-927E-46D268C4A43E}"
EndProject
Project("{2150E333-8FDC-42A3-9474-1A3956D46DE8}") = "Solution Items", "Solution Items", "{5422ADE9-3CB9-4739-B475-46ABE4C2A8E7}"
	ProjectSection(SolutionItems) = preProject
		Local.testsettings = Local.testsettings
		MongoDBPool.vsmdi = MongoDBPool.vsmdi
		TraceAndTestImpact.testsettings = TraceAndTestImpact.testsettings
	EndProjectSection
EndProject
Project("{FAE04EC0-301F-11D3-BF4B-00C04F79EFBC}") = "TestIntergrated", "TestIntergrated\TestIntergrated.csproj", "{900958EF-A840-4817-B2C3-B91A22C37052}"
EndProject
Global
	GlobalSection(TestCaseManagementSettings) = postSolution
		CategoryFile = MongoDBPool.vsmdi
	EndGlobalSection
	GlobalSection(SolutionConfigurationPlatforms) = preSolution
		Debug|Any CPU = Debug|Any CPU
		Release|Any CPU = Release|Any CPU
	EndGlobalSection
	GlobalSection(ProjectConfigurationPlatforms) = postSolution
		{9072B50C-C535-4FE9-9CBA-97A130BB1596}.Debug|Any CPU.ActiveCfg = Debug|Any CPU
		{9072B50C-C535-4FE9-9CBA-97A130BB1596}.Debug|Any CPU.Build.0 = Debug|Any CPU
		{9072B50C-C535-4FE9-9CBA-97A130BB1596}.Release|Any CPU.ActiveCfg = Release|Any CPU
		{9072B50C-C535-4FE9-9CBA-97A130BB1596}.Release|Any CPU.Build.0 = Release|Any CPU
		{B0321582-7DE2-4481-927E-46D268C4A43E}.Debug|Any CPU.ActiveCfg = Debug|Any CPU
		{B0321582-7DE2-4481-927E-46D268C4A43E}.Debug|Any CPU.Build.0 = Debug|Any CPU
		{B0321582-7DE2-4481-927E-46D268C4A43E}.Release|Any CPU.ActiveCfg = Release|Any CPU
		{B0321582-7DE2-4481-927E-46D268C4A43E}.Release|Any CPU.Build.0 = Release|Any CPU
		{900958EF-A840-4817-B2C3-B91A22C37052}.Debug|Any CPU.ActiveCfg = Debug|Any CPU
		{900958EF-A840-4817-B2C3-B91A22C37052}.Debug|Any CPU.Build.0 = Debug|Any CPU
		{900958EF-A840-4817-B2C3-B91A22C37052}.Release|Any CPU.ActiveCfg = Release|Any CPU
		{900958EF-A840-4817-B2C3-B91A22C37052}.Release|Any CPU.Build.0 = Release|Any CPU
	EndGlobalSection
	GlobalSection(SolutionProperties) = preSolution
		HideSolutionNode = FALSE
	EndGlobalSection
EndGlobal
